
Microsoft Visual Studio Solution File, Format Version 12.00
Project("{FAE04EC0-301F-11D3-BF4B-00C04F79EFBC}") = "SocialNetwork.API", "SocialNetwork.API\SocialNetwork.API.csproj", "{FA4582CB-DEF5-4E38-A7D1-E53785DF35A0}"
EndProject
Project("{FAE04EC0-301F-11D3-BF4B-00C04F79EFBC}") = "ConsoleApp", "SocialNetwork.Console\ConsoleApp\ConsoleApp.csproj", "{D3D1EFD4-40BF-498B-BBE4-5932E36FCD1C}"
EndProject
Project("{FAE04EC0-301F-11D3-BF4B-00C04F79EFBC}") = "TestSocialNetworkAPI", "TestSocialNetworkAPI\TestSocialNetworkAPI.csproj", "{A7F67A01-3BC2-4588-959E-68CC861E074A}"
EndProject
Global
	GlobalSection(SolutionConfigurationPlatforms) = preSolution
		Debug|Any CPU = Debug|Any CPU
		Release|Any CPU = Release|Any CPU
	EndGlobalSection
	GlobalSection(ProjectConfigurationPlatforms) = postSolution
		{FA4582CB-DEF5-4E38-A7D1-E53785DF35A0}.Debug|Any CPU.ActiveCfg = Debug|Any CPU
		{FA4582CB-DEF5-4E38-A7D1-E53785DF35A0}.Debug|Any CPU.Build.0 = Debug|Any CPU
		{FA4582CB-DEF5-4E38-A7D1-E53785DF35A0}.Release|Any CPU.ActiveCfg = Release|Any CPU
		{FA4582CB-DEF5-4E38-A7D1-E53785DF35A0}.Release|Any CPU.Build.0 = Release|Any CPU
		{D3D1EFD4-40BF-498B-BBE4-5932E36FCD1C}.Debug|Any CPU.ActiveCfg = Debug|Any CPU
		{D3D1EFD4-40BF-498B-BBE4-5932E36FCD1C}.Debug|Any CPU.Build.0 = Debug|Any CPU
		{D3D1EFD4-40BF-498B-BBE4-5932E36FCD1C}.Release|Any CPU.ActiveCfg = Release|Any CPU
		{D3D1EFD4-40BF-498B-BBE4-5932E36FCD1C}.Release|Any CPU.Build.0 = Release|Any CPU
		{A7F67A01-3BC2-4588-959E-68CC861E074A}.Debug|Any CPU.ActiveCfg = Debug|Any CPU
		{A7F67A01-3BC2-4588-959E-68CC861E074A}.Debug|Any CPU.Build.0 = Debug|Any CPU
		{A7F67A01-3BC2-4588-959E-68CC861E074A}.Release|Any CPU.ActiveCfg = Release|Any CPU
		{A7F67A01-3BC2-4588-959E-68CC861E074A}.Release|Any CPU.Build.0 = Release|Any CPU
	EndGlobalSection
EndGlobal
